// !$*UTF8*$!
{
	archiveVersion = 1;
	classes = {
	};
	objectVersion = 46;
	objects = {

/* Begin PBXBuildFile section */
		1CD8F03223EFF752008442D4 /* SceneDelegate.swift in Sources */ = {isa = PBXBuildFile; fileRef = 1CD8F03123EFF752008442D4 /* SceneDelegate.swift */; };
		1CD8F03423EFF752008442D4 /* ContentView.swift in Sources */ = {isa = PBXBuildFile; fileRef = 1CD8F03323EFF752008442D4 /* ContentView.swift */; };
		1CD8F03623EFF755008442D4 /* Assets.xcassets in Resources */ = {isa = PBXBuildFile; fileRef = 1CD8F03523EFF755008442D4 /* Assets.xcassets */; };
		1CD8F03C23EFF755008442D4 /* LaunchScreen.storyboard in Resources */ = {isa = PBXBuildFile; fileRef = 1CD8F03A23EFF755008442D4 /* LaunchScreen.storyboard */; };
		1CD8F04423EFF7C5008442D4 /* AppDelegate.swift in Sources */ = {isa = PBXBuildFile; fileRef = 1CD8F04323EFF7C4008442D4 /* AppDelegate.swift */; };
		1CD8F04623EFF81A008442D4 /* Preview Assets.xcassets in Resources */ = {isa = PBXBuildFile; fileRef = 1CD8F04523EFF819008442D4 /* Preview Assets.xcassets */; };
		OBJ_100 /* VideoFullscreenPlayerView.swift in Sources */ = {isa = PBXBuildFile; fileRef = OBJ_65 /* VideoFullscreenPlayerView.swift */; };
		OBJ_101 /* VideoFullscreenTransitioner.swift in Sources */ = {isa = PBXBuildFile; fileRef = OBJ_66 /* VideoFullscreenTransitioner.swift */; };
		OBJ_102 /* VideoPlayerView.swift in Sources */ = {isa = PBXBuildFile; fileRef = OBJ_67 /* VideoPlayerView.swift */; };
		OBJ_109 /* Package.swift in Sources */ = {isa = PBXBuildFile; fileRef = OBJ_39 /* Package.swift */; };
		OBJ_135 /* VideoPlayer.swift in Sources */ = {isa = PBXBuildFile; fileRef = OBJ_34 /* VideoPlayer.swift */; };
		OBJ_138 /* GSPlayer.framework in Frameworks */ = {isa = PBXBuildFile; fileRef = "GSPlayer::GSPlayer::Product" /* GSPlayer.framework */; };
		OBJ_145 /* Package.swift in Sources */ = {isa = PBXBuildFile; fileRef = OBJ_6 /* Package.swift */; };
		OBJ_80 /* VideoCacheAction.swift in Sources */ = {isa = PBXBuildFile; fileRef = OBJ_41 /* VideoCacheAction.swift */; };
		OBJ_81 /* VideoCacheConfiguration.swift in Sources */ = {isa = PBXBuildFile; fileRef = OBJ_42 /* VideoCacheConfiguration.swift */; };
		OBJ_82 /* VideoCacheHandler.swift in Sources */ = {isa = PBXBuildFile; fileRef = OBJ_43 /* VideoCacheHandler.swift */; };
		OBJ_83 /* VideoCacheManager.swift in Sources */ = {isa = PBXBuildFile; fileRef = OBJ_44 /* VideoCacheManager.swift */; };
		OBJ_84 /* VideoDownloadInfo.swift in Sources */ = {isa = PBXBuildFile; fileRef = OBJ_46 /* VideoDownloadInfo.swift */; };
		OBJ_85 /* VideoDownloader.swift in Sources */ = {isa = PBXBuildFile; fileRef = OBJ_47 /* VideoDownloader.swift */; };
		OBJ_86 /* VideoDownloaderHandler.swift in Sources */ = {isa = PBXBuildFile; fileRef = OBJ_48 /* VideoDownloaderHandler.swift */; };
		OBJ_87 /* VideoDownloaderSessionDelegateHandler.swift in Sources */ = {isa = PBXBuildFile; fileRef = OBJ_49 /* VideoDownloaderSessionDelegateHandler.swift */; };
		OBJ_88 /* AVAssetResourceLoadingRequest+Extensions.swift in Sources */ = {isa = PBXBuildFile; fileRef = OBJ_51 /* AVAssetResourceLoadingRequest+Extensions.swift */; };
		OBJ_89 /* AVPlayer+Extensions.swift in Sources */ = {isa = PBXBuildFile; fileRef = OBJ_52 /* AVPlayer+Extensions.swift */; };
		OBJ_90 /* AVPlayerItem+Extensions.swift in Sources */ = {isa = PBXBuildFile; fileRef = OBJ_53 /* AVPlayerItem+Extensions.swift */; };
		OBJ_91 /* Double+Extensions.swift in Sources */ = {isa = PBXBuildFile; fileRef = OBJ_54 /* Double+Extensions.swift */; };
		OBJ_92 /* Float+Extensions.swift in Sources */ = {isa = PBXBuildFile; fileRef = OBJ_55 /* Float+Extensions.swift */; };
		OBJ_93 /* Int+Extensions.swift in Sources */ = {isa = PBXBuildFile; fileRef = OBJ_56 /* Int+Extensions.swift */; };
		OBJ_94 /* String+Extensions.swift in Sources */ = {isa = PBXBuildFile; fileRef = OBJ_57 /* String+Extensions.swift */; };
		OBJ_95 /* VideoInfo.swift in Sources */ = {isa = PBXBuildFile; fileRef = OBJ_59 /* VideoInfo.swift */; };
		OBJ_96 /* VideoLoadManager.swift in Sources */ = {isa = PBXBuildFile; fileRef = OBJ_60 /* VideoLoadManager.swift */; };
		OBJ_97 /* VideoLoader.swift in Sources */ = {isa = PBXBuildFile; fileRef = OBJ_61 /* VideoLoader.swift */; };
		OBJ_98 /* VideoPreloadManager.swift in Sources */ = {isa = PBXBuildFile; fileRef = OBJ_62 /* VideoPreloadManager.swift */; };
		OBJ_99 /* VideoRequestLoader.swift in Sources */ = {isa = PBXBuildFile; fileRef = OBJ_63 /* VideoRequestLoader.swift */; };
/* End PBXBuildFile section */

/* Begin PBXContainerItemProxy section */
		1CD8F02823EFF602008442D4 /* PBXContainerItemProxy */ = {
			isa = PBXContainerItemProxy;
			containerPortal = OBJ_1 /* Project object */;
			proxyType = 1;
			remoteGlobalIDString = "GSPlayer::GSPlayer";
			remoteInfo = GSPlayer;
		};
/* End PBXContainerItemProxy section */

/* Begin PBXFileReference section */
		1CD8F02D23EFF752008442D4 /* Demo.app */ = {isa = PBXFileReference; explicitFileType = wrapper.application; includeInIndex = 0; path = Demo.app; sourceTree = BUILT_PRODUCTS_DIR; };
		1CD8F03123EFF752008442D4 /* SceneDelegate.swift */ = {isa = PBXFileReference; lastKnownFileType = sourcecode.swift; path = SceneDelegate.swift; sourceTree = "<group>"; };
		1CD8F03323EFF752008442D4 /* ContentView.swift */ = {isa = PBXFileReference; lastKnownFileType = sourcecode.swift; path = ContentView.swift; sourceTree = "<group>"; };
		1CD8F03523EFF755008442D4 /* Assets.xcassets */ = {isa = PBXFileReference; lastKnownFileType = folder.assetcatalog; path = Assets.xcassets; sourceTree = "<group>"; };
		1CD8F03B23EFF755008442D4 /* Base */ = {isa = PBXFileReference; lastKnownFileType = file.storyboard; name = Base; path = Base.lproj/LaunchScreen.storyboard; sourceTree = "<group>"; };
		1CD8F03D23EFF755008442D4 /* Info.plist */ = {isa = PBXFileReference; lastKnownFileType = text.plist.xml; path = Info.plist; sourceTree = "<group>"; };
		1CD8F04323EFF7C4008442D4 /* AppDelegate.swift */ = {isa = PBXFileReference; fileEncoding = 4; lastKnownFileType = sourcecode.swift; path = AppDelegate.swift; sourceTree = "<group>"; };
		1CD8F04523EFF819008442D4 /* Preview Assets.xcassets */ = {isa = PBXFileReference; lastKnownFileType = folder.assetcatalog; path = "Preview Assets.xcassets"; sourceTree = "<group>"; };
		"GSPlayer::GSPlayer::Product" /* GSPlayer.framework */ = {isa = PBXFileReference; lastKnownFileType = wrapper.framework; path = GSPlayer.framework; sourceTree = BUILT_PRODUCTS_DIR; };
		OBJ_34 /* VideoPlayer.swift */ = {isa = PBXFileReference; lastKnownFileType = sourcecode.swift; path = VideoPlayer.swift; sourceTree = "<group>"; };
		OBJ_39 /* Package.swift */ = {isa = PBXFileReference; explicitFileType = sourcecode.swift; name = Package.swift; path = /Users/gesen/Documents/github/VideoPlayer/.build/checkouts/GSPlayer/Package.swift; sourceTree = "<group>"; };
		OBJ_41 /* VideoCacheAction.swift */ = {isa = PBXFileReference; lastKnownFileType = sourcecode.swift; path = VideoCacheAction.swift; sourceTree = "<group>"; };
		OBJ_42 /* VideoCacheConfiguration.swift */ = {isa = PBXFileReference; lastKnownFileType = sourcecode.swift; path = VideoCacheConfiguration.swift; sourceTree = "<group>"; };
		OBJ_43 /* VideoCacheHandler.swift */ = {isa = PBXFileReference; lastKnownFileType = sourcecode.swift; path = VideoCacheHandler.swift; sourceTree = "<group>"; };
		OBJ_44 /* VideoCacheManager.swift */ = {isa = PBXFileReference; lastKnownFileType = sourcecode.swift; path = VideoCacheManager.swift; sourceTree = "<group>"; };
		OBJ_46 /* VideoDownloadInfo.swift */ = {isa = PBXFileReference; lastKnownFileType = sourcecode.swift; path = VideoDownloadInfo.swift; sourceTree = "<group>"; };
		OBJ_47 /* VideoDownloader.swift */ = {isa = PBXFileReference; lastKnownFileType = sourcecode.swift; path = VideoDownloader.swift; sourceTree = "<group>"; };
		OBJ_48 /* VideoDownloaderHandler.swift */ = {isa = PBXFileReference; lastKnownFileType = sourcecode.swift; path = VideoDownloaderHandler.swift; sourceTree = "<group>"; };
		OBJ_49 /* VideoDownloaderSessionDelegateHandler.swift */ = {isa = PBXFileReference; lastKnownFileType = sourcecode.swift; path = VideoDownloaderSessionDelegateHandler.swift; sourceTree = "<group>"; };
		OBJ_51 /* AVAssetResourceLoadingRequest+Extensions.swift */ = {isa = PBXFileReference; lastKnownFileType = sourcecode.swift; path = "AVAssetResourceLoadingRequest+Extensions.swift"; sourceTree = "<group>"; };
		OBJ_52 /* AVPlayer+Extensions.swift */ = {isa = PBXFileReference; lastKnownFileType = sourcecode.swift; path = "AVPlayer+Extensions.swift"; sourceTree = "<group>"; };
		OBJ_53 /* AVPlayerItem+Extensions.swift */ = {isa = PBXFileReference; lastKnownFileType = sourcecode.swift; path = "AVPlayerItem+Extensions.swift"; sourceTree = "<group>"; };
		OBJ_54 /* Double+Extensions.swift */ = {isa = PBXFileReference; lastKnownFileType = sourcecode.swift; path = "Double+Extensions.swift"; sourceTree = "<group>"; };
		OBJ_55 /* Float+Extensions.swift */ = {isa = PBXFileReference; lastKnownFileType = sourcecode.swift; path = "Float+Extensions.swift"; sourceTree = "<group>"; };
		OBJ_56 /* Int+Extensions.swift */ = {isa = PBXFileReference; lastKnownFileType = sourcecode.swift; path = "Int+Extensions.swift"; sourceTree = "<group>"; };
		OBJ_57 /* String+Extensions.swift */ = {isa = PBXFileReference; lastKnownFileType = sourcecode.swift; path = "String+Extensions.swift"; sourceTree = "<group>"; };
		OBJ_59 /* VideoInfo.swift */ = {isa = PBXFileReference; lastKnownFileType = sourcecode.swift; path = VideoInfo.swift; sourceTree = "<group>"; };
		OBJ_6 /* Package.swift */ = {isa = PBXFileReference; explicitFileType = sourcecode.swift; path = Package.swift; sourceTree = "<group>"; };
		OBJ_60 /* VideoLoadManager.swift */ = {isa = PBXFileReference; lastKnownFileType = sourcecode.swift; path = VideoLoadManager.swift; sourceTree = "<group>"; };
		OBJ_61 /* VideoLoader.swift */ = {isa = PBXFileReference; lastKnownFileType = sourcecode.swift; path = VideoLoader.swift; sourceTree = "<group>"; };
		OBJ_62 /* VideoPreloadManager.swift */ = {isa = PBXFileReference; lastKnownFileType = sourcecode.swift; path = VideoPreloadManager.swift; sourceTree = "<group>"; };
		OBJ_63 /* VideoRequestLoader.swift */ = {isa = PBXFileReference; lastKnownFileType = sourcecode.swift; path = VideoRequestLoader.swift; sourceTree = "<group>"; };
		OBJ_65 /* VideoFullscreenPlayerView.swift */ = {isa = PBXFileReference; lastKnownFileType = sourcecode.swift; path = VideoFullscreenPlayerView.swift; sourceTree = "<group>"; };
		OBJ_66 /* VideoFullscreenTransitioner.swift */ = {isa = PBXFileReference; lastKnownFileType = sourcecode.swift; path = VideoFullscreenTransitioner.swift; sourceTree = "<group>"; };
		OBJ_67 /* VideoPlayerView.swift */ = {isa = PBXFileReference; lastKnownFileType = sourcecode.swift; path = VideoPlayerView.swift; sourceTree = "<group>"; };
		OBJ_73 /* LICENSE */ = {isa = PBXFileReference; lastKnownFileType = text; path = LICENSE; sourceTree = "<group>"; };
		OBJ_74 /* README.md */ = {isa = PBXFileReference; lastKnownFileType = net.daringfireball.markdown; path = README.md; sourceTree = "<group>"; };
		"VideoPlayer::VideoPlayer::Product" /* VideoPlayer.framework */ = {isa = PBXFileReference; lastKnownFileType = wrapper.framework; path = VideoPlayer.framework; sourceTree = BUILT_PRODUCTS_DIR; };
/* End PBXFileReference section */

/* Begin PBXFrameworksBuildPhase section */
		1CD8F02A23EFF752008442D4 /* Frameworks */ = {
			isa = PBXFrameworksBuildPhase;
			buildActionMask = 2147483647;
			files = (
			);
			runOnlyForDeploymentPostprocessing = 0;
		};
		OBJ_103 /* Frameworks */ = {
			isa = PBXFrameworksBuildPhase;
			buildActionMask = 0;
			files = (
			);
			runOnlyForDeploymentPostprocessing = 0;
		};
		OBJ_137 /* Frameworks */ = {
			isa = PBXFrameworksBuildPhase;
			buildActionMask = 0;
			files = (
				OBJ_138 /* GSPlayer.framework in Frameworks */,
			);
			runOnlyForDeploymentPostprocessing = 0;
		};
/* End PBXFrameworksBuildPhase section */

/* Begin PBXGroup section */
		1CD8F02E23EFF752008442D4 /* Demo */ = {
			isa = PBXGroup;
			children = (
				1CE2E65D24304E9300F1DBFC /* Bootstrap */,
				1CD8F03323EFF752008442D4 /* ContentView.swift */,
				1CD8F03723EFF755008442D4 /* Preview Content */,
				1CE2E65E24304EAC00F1DBFC /* Supporting Files */,
			);
			path = Demo;
			sourceTree = "<group>";
		};
		1CD8F03723EFF755008442D4 /* Preview Content */ = {
			isa = PBXGroup;
			children = (
				1CD8F04523EFF819008442D4 /* Preview Assets.xcassets */,
			);
			path = "Preview Content";
			sourceTree = "<group>";
		};
		1CE2E65D24304E9300F1DBFC /* Bootstrap */ = {
			isa = PBXGroup;
			children = (
				1CD8F04323EFF7C4008442D4 /* AppDelegate.swift */,
				1CD8F03123EFF752008442D4 /* SceneDelegate.swift */,
			);
			path = Bootstrap;
			sourceTree = "<group>";
		};
		1CE2E65E24304EAC00F1DBFC /* Supporting Files */ = {
			isa = PBXGroup;
			children = (
				1CD8F03523EFF755008442D4 /* Assets.xcassets */,
				1CD8F03D23EFF755008442D4 /* Info.plist */,
				1CD8F03A23EFF755008442D4 /* LaunchScreen.storyboard */,
			);
			name = "Supporting Files";
			sourceTree = "<group>";
		};
		OBJ_36 /* Tests */ = {
			isa = PBXGroup;
			children = (
			);
			name = Tests;
			sourceTree = SOURCE_ROOT;
		};
		OBJ_37 /* Dependencies */ = {
			isa = PBXGroup;
			children = (
				OBJ_38 /* GSPlayer 0.2.7 */,
			);
			name = Dependencies;
			sourceTree = "<group>";
		};
		OBJ_38 /* GSPlayer 0.2.7 */ = {
			isa = PBXGroup;
			children = (
				OBJ_39 /* Package.swift */,
				OBJ_40 /* Cache */,
				OBJ_45 /* Download */,
				OBJ_50 /* Extension */,
				OBJ_58 /* Loader */,
				OBJ_64 /* View */,
			);
			name = "GSPlayer 0.2.7";
			path = .build/checkouts/GSPlayer/GSPlayer/Classes;
			sourceTree = SOURCE_ROOT;
		};
		OBJ_40 /* Cache */ = {
			isa = PBXGroup;
			children = (
				OBJ_41 /* VideoCacheAction.swift */,
				OBJ_42 /* VideoCacheConfiguration.swift */,
				OBJ_43 /* VideoCacheHandler.swift */,
				OBJ_44 /* VideoCacheManager.swift */,
			);
			path = Cache;
			sourceTree = "<group>";
		};
		OBJ_45 /* Download */ = {
			isa = PBXGroup;
			children = (
				OBJ_46 /* VideoDownloadInfo.swift */,
				OBJ_47 /* VideoDownloader.swift */,
				OBJ_48 /* VideoDownloaderHandler.swift */,
				OBJ_49 /* VideoDownloaderSessionDelegateHandler.swift */,
			);
			path = Download;
			sourceTree = "<group>";
		};
		OBJ_5 = {
			isa = PBXGroup;
			children = (
				OBJ_6 /* Package.swift */,
				OBJ_7 /* Sources */,
				OBJ_36 /* Tests */,
				OBJ_37 /* Dependencies */,
				1CD8F02E23EFF752008442D4 /* Demo */,
				OBJ_68 /* Products */,
				OBJ_73 /* LICENSE */,
				OBJ_74 /* README.md */,
			);
			sourceTree = "<group>";
		};
		OBJ_50 /* Extension */ = {
			isa = PBXGroup;
			children = (
				OBJ_51 /* AVAssetResourceLoadingRequest+Extensions.swift */,
				OBJ_52 /* AVPlayer+Extensions.swift */,
				OBJ_53 /* AVPlayerItem+Extensions.swift */,
				OBJ_54 /* Double+Extensions.swift */,
				OBJ_55 /* Float+Extensions.swift */,
				OBJ_56 /* Int+Extensions.swift */,
				OBJ_57 /* String+Extensions.swift */,
			);
			path = Extension;
			sourceTree = "<group>";
		};
		OBJ_58 /* Loader */ = {
			isa = PBXGroup;
			children = (
				OBJ_59 /* VideoInfo.swift */,
				OBJ_60 /* VideoLoadManager.swift */,
				OBJ_61 /* VideoLoader.swift */,
				OBJ_62 /* VideoPreloadManager.swift */,
				OBJ_63 /* VideoRequestLoader.swift */,
			);
			path = Loader;
			sourceTree = "<group>";
		};
		OBJ_64 /* View */ = {
			isa = PBXGroup;
			children = (
				OBJ_65 /* VideoFullscreenPlayerView.swift */,
				OBJ_66 /* VideoFullscreenTransitioner.swift */,
				OBJ_67 /* VideoPlayerView.swift */,
			);
			path = View;
			sourceTree = "<group>";
		};
		OBJ_68 /* Products */ = {
			isa = PBXGroup;
			children = (
				"GSPlayer::GSPlayer::Product" /* GSPlayer.framework */,
				"VideoPlayer::VideoPlayer::Product" /* VideoPlayer.framework */,
				1CD8F02D23EFF752008442D4 /* Demo.app */,
			);
			name = Products;
			sourceTree = BUILT_PRODUCTS_DIR;
		};
		OBJ_7 /* Sources */ = {
			isa = PBXGroup;
			children = (
				OBJ_8 /* VideoPlayer */,
			);
			path = Sources;
			sourceTree = SOURCE_ROOT;
		};
		OBJ_8 /* VideoPlayer */ = {
			isa = PBXGroup;
			children = (
				OBJ_34 /* VideoPlayer.swift */,
			);
			path = VideoPlayer;
			sourceTree = "<group>";
		};
/* End PBXGroup section */

/* Begin PBXNativeTarget section */
		1CD8F02C23EFF752008442D4 /* Demo */ = {
			isa = PBXNativeTarget;
			buildConfigurationList = 1CD8F03E23EFF755008442D4 /* Build configuration list for PBXNativeTarget "Demo" */;
			buildPhases = (
				1CD8F02923EFF752008442D4 /* Sources */,
				1CD8F02A23EFF752008442D4 /* Frameworks */,
				1CD8F02B23EFF752008442D4 /* Resources */,
			);
			buildRules = (
			);
			dependencies = (
			);
			name = Demo;
			productName = Demo;
			productReference = 1CD8F02D23EFF752008442D4 /* Demo.app */;
			productType = "com.apple.product-type.application";
		};
		"GSPlayer::GSPlayer" /* GSPlayer */ = {
			isa = PBXNativeTarget;
			buildConfigurationList = OBJ_76 /* Build configuration list for PBXNativeTarget "GSPlayer" */;
			buildPhases = (
				OBJ_79 /* Sources */,
				OBJ_103 /* Frameworks */,
			);
			buildRules = (
			);
			dependencies = (
			);
			name = GSPlayer;
			productName = GSPlayer;
			productReference = "GSPlayer::GSPlayer::Product" /* GSPlayer.framework */;
			productType = "com.apple.product-type.framework";
		};
		"GSPlayer::SwiftPMPackageDescription" /* GSPlayerPackageDescription */ = {
			isa = PBXNativeTarget;
			buildConfigurationList = OBJ_105 /* Build configuration list for PBXNativeTarget "GSPlayerPackageDescription" */;
			buildPhases = (
				OBJ_108 /* Sources */,
			);
			buildRules = (
			);
			dependencies = (
			);
			name = GSPlayerPackageDescription;
			productName = GSPlayerPackageDescription;
			productType = "com.apple.product-type.framework";
		};
		"VideoPlayer::SwiftPMPackageDescription" /* VideoPlayerPackageDescription */ = {
			isa = PBXNativeTarget;
			buildConfigurationList = OBJ_141 /* Build configuration list for PBXNativeTarget "VideoPlayerPackageDescription" */;
			buildPhases = (
				OBJ_144 /* Sources */,
			);
			buildRules = (
			);
			dependencies = (
			);
			name = VideoPlayerPackageDescription;
			productName = VideoPlayerPackageDescription;
			productType = "com.apple.product-type.framework";
		};
		"VideoPlayer::VideoPlayer" /* VideoPlayer */ = {
			isa = PBXNativeTarget;
			buildConfigurationList = OBJ_111 /* Build configuration list for PBXNativeTarget "VideoPlayer" */;
			buildPhases = (
				OBJ_114 /* Sources */,
				OBJ_137 /* Frameworks */,
			);
			buildRules = (
			);
			dependencies = (
				OBJ_139 /* PBXTargetDependency */,
			);
			name = VideoPlayer;
			productName = VideoPlayer;
			productReference = "VideoPlayer::VideoPlayer::Product" /* VideoPlayer.framework */;
			productType = "com.apple.product-type.framework";
		};
/* End PBXNativeTarget section */

/* Begin PBXProject section */
		OBJ_1 /* Project object */ = {
			isa = PBXProject;
			attributes = {
				LastSwiftMigration = 9999;
				LastSwiftUpdateCheck = 1130;
				LastUpgradeCheck = 9999;
				TargetAttributes = {
					1CD8F02C23EFF752008442D4 = {
						CreatedOnToolsVersion = 11.3.1;
						DevelopmentTeam = KWMR494226;
						ProvisioningStyle = Automatic;
					};
				};
			};
			buildConfigurationList = OBJ_2 /* Build configuration list for PBXProject "VideoPlayer" */;
			compatibilityVersion = "Xcode 3.2";
			developmentRegion = en;
			hasScannedForEncodings = 0;
			knownRegions = (
				en,
				Base,
			);
			mainGroup = OBJ_5;
			productRefGroup = OBJ_68 /* Products */;
			projectDirPath = "";
			projectRoot = "";
			targets = (
				"GSPlayer::GSPlayer" /* GSPlayer */,
				"GSPlayer::SwiftPMPackageDescription" /* GSPlayerPackageDescription */,
				"VideoPlayer::VideoPlayer" /* VideoPlayer */,
				"VideoPlayer::SwiftPMPackageDescription" /* VideoPlayerPackageDescription */,
				1CD8F02C23EFF752008442D4 /* Demo */,
			);
		};
/* End PBXProject section */

/* Begin PBXResourcesBuildPhase section */
		1CD8F02B23EFF752008442D4 /* Resources */ = {
			isa = PBXResourcesBuildPhase;
			buildActionMask = 2147483647;
			files = (
				1CD8F03C23EFF755008442D4 /* LaunchScreen.storyboard in Resources */,
				1CD8F04623EFF81A008442D4 /* Preview Assets.xcassets in Resources */,
				1CD8F03623EFF755008442D4 /* Assets.xcassets in Resources */,
			);
			runOnlyForDeploymentPostprocessing = 0;
		};
/* End PBXResourcesBuildPhase section */

/* Begin PBXSourcesBuildPhase section */
		1CD8F02923EFF752008442D4 /* Sources */ = {
			isa = PBXSourcesBuildPhase;
			buildActionMask = 2147483647;
			files = (
				1CD8F04423EFF7C5008442D4 /* AppDelegate.swift in Sources */,
				1CD8F03223EFF752008442D4 /* SceneDelegate.swift in Sources */,
				1CD8F03423EFF752008442D4 /* ContentView.swift in Sources */,
			);
			runOnlyForDeploymentPostprocessing = 0;
		};
		OBJ_108 /* Sources */ = {
			isa = PBXSourcesBuildPhase;
			buildActionMask = 0;
			files = (
				OBJ_109 /* Package.swift in Sources */,
			);
			runOnlyForDeploymentPostprocessing = 0;
		};
		OBJ_114 /* Sources */ = {
			isa = PBXSourcesBuildPhase;
			buildActionMask = 0;
			files = (
				OBJ_135 /* VideoPlayer.swift in Sources */,
			);
			runOnlyForDeploymentPostprocessing = 0;
		};
		OBJ_144 /* Sources */ = {
			isa = PBXSourcesBuildPhase;
			buildActionMask = 0;
			files = (
				OBJ_145 /* Package.swift in Sources */,
			);
			runOnlyForDeploymentPostprocessing = 0;
		};
		OBJ_79 /* Sources */ = {
			isa = PBXSourcesBuildPhase;
			buildActionMask = 0;
			files = (
				OBJ_80 /* VideoCacheAction.swift in Sources */,
				OBJ_81 /* VideoCacheConfiguration.swift in Sources */,
				OBJ_82 /* VideoCacheHandler.swift in Sources */,
				OBJ_83 /* VideoCacheManager.swift in Sources */,
				OBJ_84 /* VideoDownloadInfo.swift in Sources */,
				OBJ_85 /* VideoDownloader.swift in Sources */,
				OBJ_86 /* VideoDownloaderHandler.swift in Sources */,
				OBJ_87 /* VideoDownloaderSessionDelegateHandler.swift in Sources */,
				OBJ_88 /* AVAssetResourceLoadingRequest+Extensions.swift in Sources */,
				OBJ_89 /* AVPlayer+Extensions.swift in Sources */,
				OBJ_90 /* AVPlayerItem+Extensions.swift in Sources */,
				OBJ_91 /* Double+Extensions.swift in Sources */,
				OBJ_92 /* Float+Extensions.swift in Sources */,
				OBJ_93 /* Int+Extensions.swift in Sources */,
				OBJ_94 /* String+Extensions.swift in Sources */,
				OBJ_95 /* VideoInfo.swift in Sources */,
				OBJ_96 /* VideoLoadManager.swift in Sources */,
				OBJ_97 /* VideoLoader.swift in Sources */,
				OBJ_98 /* VideoPreloadManager.swift in Sources */,
				OBJ_99 /* VideoRequestLoader.swift in Sources */,
				OBJ_100 /* VideoFullscreenPlayerView.swift in Sources */,
				OBJ_101 /* VideoFullscreenTransitioner.swift in Sources */,
				OBJ_102 /* VideoPlayerView.swift in Sources */,
			);
			runOnlyForDeploymentPostprocessing = 0;
		};
/* End PBXSourcesBuildPhase section */

/* Begin PBXTargetDependency section */
		OBJ_139 /* PBXTargetDependency */ = {
			isa = PBXTargetDependency;
			target = "GSPlayer::GSPlayer" /* GSPlayer */;
			targetProxy = 1CD8F02823EFF602008442D4 /* PBXContainerItemProxy */;
		};
/* End PBXTargetDependency section */

/* Begin PBXVariantGroup section */
		1CD8F03A23EFF755008442D4 /* LaunchScreen.storyboard */ = {
			isa = PBXVariantGroup;
			children = (
				1CD8F03B23EFF755008442D4 /* Base */,
			);
			name = LaunchScreen.storyboard;
			sourceTree = "<group>";
		};
/* End PBXVariantGroup section */

/* Begin XCBuildConfiguration section */
		1CD8F03F23EFF755008442D4 /* Debug */ = {
			isa = XCBuildConfiguration;
			buildSettings = {
				ALWAYS_SEARCH_USER_PATHS = NO;
				ASSETCATALOG_COMPILER_APPICON_NAME = AppIcon;
				CLANG_ANALYZER_NONNULL = YES;
				CLANG_ANALYZER_NUMBER_OBJECT_CONVERSION = YES_AGGRESSIVE;
				CLANG_CXX_LANGUAGE_STANDARD = "gnu++14";
				CLANG_CXX_LIBRARY = "libc++";
				CLANG_ENABLE_MODULES = YES;
				CLANG_ENABLE_OBJC_WEAK = YES;
				CLANG_WARN_BLOCK_CAPTURE_AUTORELEASING = YES;
				CLANG_WARN_BOOL_CONVERSION = YES;
				CLANG_WARN_COMMA = YES;
				CLANG_WARN_CONSTANT_CONVERSION = YES;
				CLANG_WARN_DEPRECATED_OBJC_IMPLEMENTATIONS = YES;
				CLANG_WARN_DIRECT_OBJC_ISA_USAGE = YES_ERROR;
				CLANG_WARN_DOCUMENTATION_COMMENTS = YES;
				CLANG_WARN_EMPTY_BODY = YES;
				CLANG_WARN_ENUM_CONVERSION = YES;
				CLANG_WARN_INFINITE_RECURSION = YES;
				CLANG_WARN_INT_CONVERSION = YES;
				CLANG_WARN_NON_LITERAL_NULL_CONVERSION = YES;
				CLANG_WARN_OBJC_IMPLICIT_RETAIN_SELF = YES;
				CLANG_WARN_OBJC_LITERAL_CONVERSION = YES;
				CLANG_WARN_OBJC_ROOT_CLASS = YES_ERROR;
				CLANG_WARN_RANGE_LOOP_ANALYSIS = YES;
				CLANG_WARN_STRICT_PROTOTYPES = YES;
				CLANG_WARN_SUSPICIOUS_MOVE = YES;
				CLANG_WARN_UNGUARDED_AVAILABILITY = YES_AGGRESSIVE;
				CLANG_WARN_UNREACHABLE_CODE = YES;
				CLANG_WARN__DUPLICATE_METHOD_MATCH = YES;
				CODE_SIGN_STYLE = Automatic;
				DEVELOPMENT_ASSET_PATHS = "\"Demo/Preview Content\"";
				DEVELOPMENT_TEAM = KWMR494226;
				ENABLE_PREVIEWS = YES;
				ENABLE_STRICT_OBJC_MSGSEND = YES;
				ENABLE_TESTABILITY = YES;
				GCC_C_LANGUAGE_STANDARD = gnu11;
				GCC_DYNAMIC_NO_PIC = NO;
				GCC_NO_COMMON_BLOCKS = YES;
				GCC_PREPROCESSOR_DEFINITIONS = (
					"DEBUG=1",
					"$(inherited)",
				);
				GCC_WARN_64_TO_32_BIT_CONVERSION = YES;
				GCC_WARN_ABOUT_RETURN_TYPE = YES_ERROR;
				GCC_WARN_UNDECLARED_SELECTOR = YES;
				GCC_WARN_UNINITIALIZED_AUTOS = YES_AGGRESSIVE;
				GCC_WARN_UNUSED_FUNCTION = YES;
				GCC_WARN_UNUSED_VARIABLE = YES;
				INFOPLIST_FILE = Demo/Info.plist;
				IPHONEOS_DEPLOYMENT_TARGET = 13.0;
				LD_RUNPATH_SEARCH_PATHS = "$(inherited) @executable_path/Frameworks";
				MTL_ENABLE_DEBUG_INFO = INCLUDE_SOURCE;
				MTL_FAST_MATH = YES;
				PRODUCT_BUNDLE_IDENTIFIER = me.gesen.VideoPlayer.Demo;
				PRODUCT_NAME = "$(TARGET_NAME)";
				SDKROOT = iphoneos;
				SWIFT_ACTIVE_COMPILATION_CONDITIONS = DEBUG;
				SWIFT_VERSION = 5.0;
				TARGETED_DEVICE_FAMILY = 1;
			};
			name = Debug;
		};
		1CD8F04023EFF755008442D4 /* Release */ = {
			isa = XCBuildConfiguration;
			buildSettings = {
				ALWAYS_SEARCH_USER_PATHS = NO;
				ASSETCATALOG_COMPILER_APPICON_NAME = AppIcon;
				CLANG_ANALYZER_NONNULL = YES;
				CLANG_ANALYZER_NUMBER_OBJECT_CONVERSION = YES_AGGRESSIVE;
				CLANG_CXX_LANGUAGE_STANDARD = "gnu++14";
				CLANG_CXX_LIBRARY = "libc++";
				CLANG_ENABLE_MODULES = YES;
				CLANG_ENABLE_OBJC_WEAK = YES;
				CLANG_WARN_BLOCK_CAPTURE_AUTORELEASING = YES;
				CLANG_WARN_BOOL_CONVERSION = YES;
				CLANG_WARN_COMMA = YES;
				CLANG_WARN_CONSTANT_CONVERSION = YES;
				CLANG_WARN_DEPRECATED_OBJC_IMPLEMENTATIONS = YES;
				CLANG_WARN_DIRECT_OBJC_ISA_USAGE = YES_ERROR;
				CLANG_WARN_DOCUMENTATION_COMMENTS = YES;
				CLANG_WARN_EMPTY_BODY = YES;
				CLANG_WARN_ENUM_CONVERSION = YES;
				CLANG_WARN_INFINITE_RECURSION = YES;
				CLANG_WARN_INT_CONVERSION = YES;
				CLANG_WARN_NON_LITERAL_NULL_CONVERSION = YES;
				CLANG_WARN_OBJC_IMPLICIT_RETAIN_SELF = YES;
				CLANG_WARN_OBJC_LITERAL_CONVERSION = YES;
				CLANG_WARN_OBJC_ROOT_CLASS = YES_ERROR;
				CLANG_WARN_RANGE_LOOP_ANALYSIS = YES;
				CLANG_WARN_STRICT_PROTOTYPES = YES;
				CLANG_WARN_SUSPICIOUS_MOVE = YES;
				CLANG_WARN_UNGUARDED_AVAILABILITY = YES_AGGRESSIVE;
				CLANG_WARN_UNREACHABLE_CODE = YES;
				CLANG_WARN__DUPLICATE_METHOD_MATCH = YES;
				CODE_SIGN_STYLE = Automatic;
				COPY_PHASE_STRIP = NO;
				DEVELOPMENT_ASSET_PATHS = "\"Demo/Preview Content\"";
				DEVELOPMENT_TEAM = KWMR494226;
				ENABLE_NS_ASSERTIONS = NO;
				ENABLE_PREVIEWS = YES;
				ENABLE_STRICT_OBJC_MSGSEND = YES;
				GCC_C_LANGUAGE_STANDARD = gnu11;
				GCC_NO_COMMON_BLOCKS = YES;
				GCC_WARN_64_TO_32_BIT_CONVERSION = YES;
				GCC_WARN_ABOUT_RETURN_TYPE = YES_ERROR;
				GCC_WARN_UNDECLARED_SELECTOR = YES;
				GCC_WARN_UNINITIALIZED_AUTOS = YES_AGGRESSIVE;
				GCC_WARN_UNUSED_FUNCTION = YES;
				GCC_WARN_UNUSED_VARIABLE = YES;
				INFOPLIST_FILE = Demo/Info.plist;
				IPHONEOS_DEPLOYMENT_TARGET = 13.0;
				LD_RUNPATH_SEARCH_PATHS = "$(inherited) @executable_path/Frameworks";
				MTL_ENABLE_DEBUG_INFO = NO;
				MTL_FAST_MATH = YES;
				PRODUCT_BUNDLE_IDENTIFIER = me.gesen.VideoPlayer.Demo;
				PRODUCT_NAME = "$(TARGET_NAME)";
				SDKROOT = iphoneos;
				SWIFT_VERSION = 5.0;
				TARGETED_DEVICE_FAMILY = 1;
				VALIDATE_PRODUCT = YES;
			};
			name = Release;
		};
		OBJ_106 /* Debug */ = {
			isa = XCBuildConfiguration;
			buildSettings = {
				LD = /usr/bin/true;
				OTHER_SWIFT_FLAGS = "-swift-version 5 -I $(TOOLCHAIN_DIR)/usr/lib/swift/pm/4_2 -target x86_64-apple-macosx10.10 -sdk /Applications/Xcode.app/Contents/Developer/Platforms/MacOSX.platform/Developer/SDKs/MacOSX10.15.sdk -package-description-version 5.1";
				SWIFT_VERSION = 5.0;
			};
			name = Debug;
		};
		OBJ_107 /* Release */ = {
			isa = XCBuildConfiguration;
			buildSettings = {
				LD = /usr/bin/true;
				OTHER_SWIFT_FLAGS = "-swift-version 5 -I $(TOOLCHAIN_DIR)/usr/lib/swift/pm/4_2 -target x86_64-apple-macosx10.10 -sdk /Applications/Xcode.app/Contents/Developer/Platforms/MacOSX.platform/Developer/SDKs/MacOSX10.15.sdk -package-description-version 5.1";
				SWIFT_VERSION = 5.0;
			};
			name = Release;
		};
		OBJ_112 /* Debug */ = {
			isa = XCBuildConfiguration;
			buildSettings = {
				ENABLE_TESTABILITY = YES;
				FRAMEWORK_SEARCH_PATHS = (
					"$(inherited)",
					"$(PLATFORM_DIR)/Developer/Library/Frameworks",
				);
				HEADER_SEARCH_PATHS = "$(inherited)";
				INFOPLIST_FILE = VideoPlayer.xcodeproj/VideoPlayer_Info.plist;
				IPHONEOS_DEPLOYMENT_TARGET = 13.0;
				LD_RUNPATH_SEARCH_PATHS = "$(inherited) $(TOOLCHAIN_DIR)/usr/lib/swift/macosx";
				MACOSX_DEPLOYMENT_TARGET = 10.10;
				OTHER_CFLAGS = "$(inherited)";
				OTHER_LDFLAGS = "$(inherited)";
				OTHER_SWIFT_FLAGS = "$(inherited)";
				PRODUCT_BUNDLE_IDENTIFIER = VideoPlayer;
				PRODUCT_MODULE_NAME = "$(TARGET_NAME:c99extidentifier)";
				PRODUCT_NAME = "$(TARGET_NAME:c99extidentifier)";
				SKIP_INSTALL = YES;
				SWIFT_ACTIVE_COMPILATION_CONDITIONS = "$(inherited)";
				SWIFT_VERSION = 5.0;
				TARGET_NAME = VideoPlayer;
				TVOS_DEPLOYMENT_TARGET = 9.0;
				WATCHOS_DEPLOYMENT_TARGET = 2.0;
			};
			name = Debug;
		};
		OBJ_113 /* Release */ = {
			isa = XCBuildConfiguration;
			buildSettings = {
				ENABLE_TESTABILITY = YES;
				FRAMEWORK_SEARCH_PATHS = (
					"$(inherited)",
					"$(PLATFORM_DIR)/Developer/Library/Frameworks",
				);
				HEADER_SEARCH_PATHS = "$(inherited)";
				INFOPLIST_FILE = VideoPlayer.xcodeproj/VideoPlayer_Info.plist;
				IPHONEOS_DEPLOYMENT_TARGET = 13.0;
				LD_RUNPATH_SEARCH_PATHS = "$(inherited) $(TOOLCHAIN_DIR)/usr/lib/swift/macosx";
				MACOSX_DEPLOYMENT_TARGET = 10.10;
				OTHER_CFLAGS = "$(inherited)";
				OTHER_LDFLAGS = "$(inherited)";
				OTHER_SWIFT_FLAGS = "$(inherited)";
				PRODUCT_BUNDLE_IDENTIFIER = VideoPlayer;
				PRODUCT_MODULE_NAME = "$(TARGET_NAME:c99extidentifier)";
				PRODUCT_NAME = "$(TARGET_NAME:c99extidentifier)";
				SKIP_INSTALL = YES;
				SWIFT_ACTIVE_COMPILATION_CONDITIONS = "$(inherited)";
				SWIFT_VERSION = 5.0;
				TARGET_NAME = VideoPlayer;
				TVOS_DEPLOYMENT_TARGET = 9.0;
				WATCHOS_DEPLOYMENT_TARGET = 2.0;
			};
			name = Release;
		};
		OBJ_142 /* Debug */ = {
			isa = XCBuildConfiguration;
			buildSettings = {
				LD = /usr/bin/true;
				OTHER_SWIFT_FLAGS = "-swift-version 5 -I $(TOOLCHAIN_DIR)/usr/lib/swift/pm/4_2 -target x86_64-apple-macosx10.10 -sdk /Applications/Xcode.app/Contents/Developer/Platforms/MacOSX.platform/Developer/SDKs/MacOSX10.15.sdk -package-description-version 5.1";
				SWIFT_VERSION = 5.0;
			};
			name = Debug;
		};
		OBJ_143 /* Release */ = {
			isa = XCBuildConfiguration;
			buildSettings = {
				LD = /usr/bin/true;
				OTHER_SWIFT_FLAGS = "-swift-version 5 -I $(TOOLCHAIN_DIR)/usr/lib/swift/pm/4_2 -target x86_64-apple-macosx10.10 -sdk /Applications/Xcode.app/Contents/Developer/Platforms/MacOSX.platform/Developer/SDKs/MacOSX10.15.sdk -package-description-version 5.1";
				SWIFT_VERSION = 5.0;
			};
			name = Release;
		};
		OBJ_3 /* Debug */ = {
			isa = XCBuildConfiguration;
			buildSettings = {
				CLANG_ENABLE_OBJC_ARC = YES;
				COMBINE_HIDPI_IMAGES = YES;
				COPY_PHASE_STRIP = NO;
				DEBUG_INFORMATION_FORMAT = dwarf;
				DYLIB_INSTALL_NAME_BASE = "@rpath";
				ENABLE_NS_ASSERTIONS = YES;
				GCC_OPTIMIZATION_LEVEL = 0;
				GCC_PREPROCESSOR_DEFINITIONS = (
					"$(inherited)",
					"SWIFT_PACKAGE=1",
					"DEBUG=1",
				);
				MACOSX_DEPLOYMENT_TARGET = 10.10;
				ONLY_ACTIVE_ARCH = YES;
				OTHER_SWIFT_FLAGS = "$(inherited) -DXcode";
				PRODUCT_NAME = "$(TARGET_NAME)";
				SDKROOT = macosx;
				SUPPORTED_PLATFORMS = "macosx iphoneos iphonesimulator appletvos appletvsimulator watchos watchsimulator";
				SWIFT_ACTIVE_COMPILATION_CONDITIONS = "$(inherited) SWIFT_PACKAGE DEBUG";
				SWIFT_OPTIMIZATION_LEVEL = "-Onone";
				USE_HEADERMAP = NO;
			};
			name = Debug;
		};
		OBJ_4 /* Release */ = {
			isa = XCBuildConfiguration;
			buildSettings = {
				CLANG_ENABLE_OBJC_ARC = YES;
				COMBINE_HIDPI_IMAGES = YES;
				COPY_PHASE_STRIP = YES;
				DEBUG_INFORMATION_FORMAT = "dwarf-with-dsym";
				DYLIB_INSTALL_NAME_BASE = "@rpath";
				GCC_OPTIMIZATION_LEVEL = s;
				GCC_PREPROCESSOR_DEFINITIONS = (
					"$(inherited)",
					"SWIFT_PACKAGE=1",
				);
				MACOSX_DEPLOYMENT_TARGET = 10.10;
				OTHER_SWIFT_FLAGS = "$(inherited) -DXcode";
				PRODUCT_NAME = "$(TARGET_NAME)";
				SDKROOT = macosx;
				SUPPORTED_PLATFORMS = "macosx iphoneos iphonesimulator appletvos appletvsimulator watchos watchsimulator";
				SWIFT_ACTIVE_COMPILATION_CONDITIONS = "$(inherited) SWIFT_PACKAGE";
				SWIFT_OPTIMIZATION_LEVEL = "-Owholemodule";
				USE_HEADERMAP = NO;
			};
			name = Release;
		};
		OBJ_77 /* Debug */ = {
			isa = XCBuildConfiguration;
			buildSettings = {
				ENABLE_TESTABILITY = YES;
				FRAMEWORK_SEARCH_PATHS = (
					"$(inherited)",
					"$(PLATFORM_DIR)/Developer/Library/Frameworks",
				);
				HEADER_SEARCH_PATHS = "$(inherited)";
				INFOPLIST_FILE = VideoPlayer.xcodeproj/GSPlayer_Info.plist;
				IPHONEOS_DEPLOYMENT_TARGET = 13.0;
				LD_RUNPATH_SEARCH_PATHS = "$(inherited) $(TOOLCHAIN_DIR)/usr/lib/swift/macosx";
				MACOSX_DEPLOYMENT_TARGET = 10.10;
				OTHER_CFLAGS = "$(inherited)";
				OTHER_LDFLAGS = "$(inherited)";
				OTHER_SWIFT_FLAGS = "$(inherited)";
				PRODUCT_BUNDLE_IDENTIFIER = GSPlayer;
				PRODUCT_MODULE_NAME = "$(TARGET_NAME:c99extidentifier)";
				PRODUCT_NAME = "$(TARGET_NAME:c99extidentifier)";
				SKIP_INSTALL = YES;
				SWIFT_ACTIVE_COMPILATION_CONDITIONS = "$(inherited)";
				SWIFT_VERSION = 5.0;
				TARGET_NAME = GSPlayer;
				TVOS_DEPLOYMENT_TARGET = 9.0;
				WATCHOS_DEPLOYMENT_TARGET = 2.0;
			};
			name = Debug;
		};
		OBJ_78 /* Release */ = {
			isa = XCBuildConfiguration;
			buildSettings = {
				ENABLE_TESTABILITY = YES;
				FRAMEWORK_SEARCH_PATHS = (
					"$(inherited)",
					"$(PLATFORM_DIR)/Developer/Library/Frameworks",
				);
				HEADER_SEARCH_PATHS = "$(inherited)";
				INFOPLIST_FILE = VideoPlayer.xcodeproj/GSPlayer_Info.plist;
				IPHONEOS_DEPLOYMENT_TARGET = 13.0;
				LD_RUNPATH_SEARCH_PATHS = "$(inherited) $(TOOLCHAIN_DIR)/usr/lib/swift/macosx";
				MACOSX_DEPLOYMENT_TARGET = 10.10;
				OTHER_CFLAGS = "$(inherited)";
				OTHER_LDFLAGS = "$(inherited)";
				OTHER_SWIFT_FLAGS = "$(inherited)";
				PRODUCT_BUNDLE_IDENTIFIER = GSPlayer;
				PRODUCT_MODULE_NAME = "$(TARGET_NAME:c99extidentifier)";
				PRODUCT_NAME = "$(TARGET_NAME:c99extidentifier)";
				SKIP_INSTALL = YES;
				SWIFT_ACTIVE_COMPILATION_CONDITIONS = "$(inherited)";
				SWIFT_VERSION = 5.0;
				TARGET_NAME = GSPlayer;
				TVOS_DEPLOYMENT_TARGET = 9.0;
				WATCHOS_DEPLOYMENT_TARGET = 2.0;
			};
			name = Release;
		};
/* End XCBuildConfiguration section */

/* Begin XCConfigurationList section */
		1CD8F03E23EFF755008442D4 /* Build configuration list for PBXNativeTarget "Demo" */ = {
			isa = XCConfigurationList;
			buildConfigurations = (
				1CD8F03F23EFF755008442D4 /* Debug */,
				1CD8F04023EFF755008442D4 /* Release */,
			);
			defaultConfigurationIsVisible = 0;
			defaultConfigurationName = Release;
		};
		OBJ_105 /* Build configuration list for PBXNativeTarget "GSPlayerPackageDescription" */ = {
			isa = XCConfigurationList;
			buildConfigurations = (
				OBJ_106 /* Debug */,
				OBJ_107 /* Release */,
			);
			defaultConfigurationIsVisible = 0;
			defaultConfigurationName = Release;
		};
		OBJ_111 /* Build configuration list for PBXNativeTarget "VideoPlayer" */ = {
			isa = XCConfigurationList;
			buildConfigurations = (
				OBJ_112 /* Debug */,
				OBJ_113 /* Release */,
			);
			defaultConfigurationIsVisible = 0;
			defaultConfigurationName = Release;
		};
		OBJ_141 /* Build configuration list for PBXNativeTarget "VideoPlayerPackageDescription" */ = {
			isa = XCConfigurationList;
			buildConfigurations = (
				OBJ_142 /* Debug */,
				OBJ_143 /* Release */,
			);
			defaultConfigurationIsVisible = 0;
			defaultConfigurationName = Release;
		};
		OBJ_2 /* Build configuration list for PBXProject "VideoPlayer" */ = {
			isa = XCConfigurationList;
			buildConfigurations = (
				OBJ_3 /* Debug */,
				OBJ_4 /* Release */,
			);
			defaultConfigurationIsVisible = 0;
			defaultConfigurationName = Release;
		};
		OBJ_76 /* Build configuration list for PBXNativeTarget "GSPlayer" */ = {
			isa = XCConfigurationList;
			buildConfigurations = (
				OBJ_77 /* Debug */,
				OBJ_78 /* Release */,
			);
			defaultConfigurationIsVisible = 0;
			defaultConfigurationName = Release;
		};
/* End XCConfigurationList section */
	};
	rootObject = OBJ_1 /* Project object */;
}
