{
  "object": {
    "pins": [
      {
        "package": "GSPlayer",
        "repositoryURL": "https://github.com/wxxsw/GSPlayer.git",
        "state": {
          "branch": null,
          "revision": "5864427f84e3a9bb9d8da91a563a53b536597132",
          "version": "0.2.20"
        }
      }
    ]
  },
  "version": 1
}
