{
  "object": {
    "pins": [
      {
        "package": "GSPlayer",
        "repositoryURL": "https://github.com/wxxsw/GSPlayer.git",
        "state": {
          "branch": null,
          "revision": "2161cda19435c3a9e0e8be66c98aabe4e39570ea",
          "version": "0.2.11"
        }
      }
    ]
  },
  "version": 1
}
