{
  "object": {
    "pins": [
      {
        "package": "GSPlayer",
        "repositoryURL": "https://github.com/wxxsw/GSPlayer.git",
        "state": {
          "branch": null,
          "revision": "d0fa13a5e393bd033f2b47ca038b7b623613f95b",
          "version": "0.2.17"
        }
      }
    ]
  },
  "version": 1
}
