{
  "originHash" : "5f80d628f4357f9aed5de5fb9889b577afdba1894448e8d786f34044e78679ff",
  "pins" : [
    {
      "identity" : "gsplayer",
      "kind" : "remoteSourceControl",
      "location" : "https://github.com/wxxsw/GSPlayer",
      "state" : {
        "revision" : "49ebb0fe4cacfcdedc04c3c2fa3ed3c15c9249a4",
        "version" : "0.2.29"
      }
    }
  ],
  "version" : 3
}
